
Microsoft Visual Studio Solution File, Format Version 12.00
# Visual Studio 2012
Project("{FAE04EC0-301F-11D3-BF4B-00C04F79EFBC}") = "Income_Expense_project", "Income_Expense_project\Income_Expense_project.csproj", "{920BDA51-D6B6-4891-9F4F-1D1EACBE02B5}"
EndProject
Global
	GlobalSection(SolutionConfigurationPlatforms) = preSolution
		Debug|Any CPU = Debug|Any CPU
		Release|Any CPU = Release|Any CPU
	EndGlobalSection
	GlobalSection(ProjectConfigurationPlatforms) = postSolution
		{920BDA51-D6B6-4891-9F4F-1D1EACBE02B5}.Debug|Any CPU.ActiveCfg = Debug|Any CPU
		{920BDA51-D6B6-4891-9F4F-1D1EACBE02B5}.Debug|Any CPU.Build.0 = Debug|Any CPU
		{920BDA51-D6B6-4891-9F4F-1D1EACBE02B5}.Release|Any CPU.ActiveCfg = Release|Any CPU
		{920BDA51-D6B6-4891-9F4F-1D1EACBE02B5}.Release|Any CPU.Build.0 = Release|Any CPU
	EndGlobalSection
	GlobalSection(SolutionProperties) = preSolution
		HideSolutionNode = FALSE
	EndGlobalSection
EndGlobal
